
Microsoft Visual Studio Solution File, Format Version 12.00
# Visual Studio Version 17
VisualStudioVersion = 17.4.33122.133
MinimumVisualStudioVersion = 10.0.40219.1
Project("{FAE04EC0-301F-11D3-BF4B-00C04F79EFBC}") = "DynmapConverterV2", "DynmapConverterV2\DynmapConverterV2.csproj", "{A736D993-CD0C-4AA0-B618-BBD0A1EF8631}"
EndProject
Global
	GlobalSection(SolutionConfigurationPlatforms) = preSolution
		Debug|Any CPU = Debug|Any CPU
		Release|Any CPU = Release|Any CPU
	EndGlobalSection
	GlobalSection(ProjectConfigurationPlatforms) = postSolution
		{A736D993-CD0C-4AA0-B618-BBD0A1EF8631}.Debug|Any CPU.ActiveCfg = Debug|Any CPU
		{A736D993-CD0C-4AA0-B618-BBD0A1EF8631}.Debug|Any CPU.Build.0 = Debug|Any CPU
		{A736D993-CD0C-4AA0-B618-BBD0A1EF8631}.Release|Any CPU.ActiveCfg = Release|Any CPU
		{A736D993-CD0C-4AA0-B618-BBD0A1EF8631}.Release|Any CPU.Build.0 = Release|Any CPU
	EndGlobalSection
	GlobalSection(SolutionProperties) = preSolution
		HideSolutionNode = FALSE
	EndGlobalSection
	GlobalSection(ExtensibilityGlobals) = postSolution
		SolutionGuid = {ADB4C386-07B0-40D2-91C3-4A9C29BEF4F7}
	EndGlobalSection
EndGlobal
